
Microsoft Visual Studio Solution File, Format Version 12.00
Project("{FAE04EC0-301F-11D3-BF4B-00C04F79EFBC}") = "AuthorizationServer", "AuthorizationServer\AuthorizationServer.csproj", "{133DA7B8-2467-4799-9CC9-E799A85C0A02}"
EndProject
Project("{FAE04EC0-301F-11D3-BF4B-00C04F79EFBC}") = "OAuthClient", "OAuthClient\OAuthClient.csproj", "{06253ABA-129A-40FC-8D6F-25BA2D8CF2CC}"
EndProject
Global
	GlobalSection(SolutionConfigurationPlatforms) = preSolution
		Debug|Any CPU = Debug|Any CPU
		Release|Any CPU = Release|Any CPU
	EndGlobalSection
	GlobalSection(ProjectConfigurationPlatforms) = postSolution
		{133DA7B8-2467-4799-9CC9-E799A85C0A02}.Debug|Any CPU.ActiveCfg = Debug|Any CPU
		{133DA7B8-2467-4799-9CC9-E799A85C0A02}.Debug|Any CPU.Build.0 = Debug|Any CPU
		{133DA7B8-2467-4799-9CC9-E799A85C0A02}.Release|Any CPU.ActiveCfg = Release|Any CPU
		{133DA7B8-2467-4799-9CC9-E799A85C0A02}.Release|Any CPU.Build.0 = Release|Any CPU
		{06253ABA-129A-40FC-8D6F-25BA2D8CF2CC}.Debug|Any CPU.ActiveCfg = Debug|Any CPU
		{06253ABA-129A-40FC-8D6F-25BA2D8CF2CC}.Debug|Any CPU.Build.0 = Debug|Any CPU
		{06253ABA-129A-40FC-8D6F-25BA2D8CF2CC}.Release|Any CPU.ActiveCfg = Release|Any CPU
		{06253ABA-129A-40FC-8D6F-25BA2D8CF2CC}.Release|Any CPU.Build.0 = Release|Any CPU
	EndGlobalSection
EndGlobal
